
Microsoft Visual Studio Solution File, Format Version 12.00
# Visual Studio Version 17
VisualStudioVersion = 17.9.34310.174
MinimumVisualStudioVersion = 10.0.40219.1
Project("{FAE04EC0-301F-11D3-BF4B-00C04F79EFBC}") = "Mocket", "Mocket\Mocket.csproj", "{BFAE4110-A93C-45D2-8E60-0082E60A7FDA}"
EndProject
Global
	GlobalSection(SolutionConfigurationPlatforms) = preSolution
		Debug|Any CPU = Debug|Any CPU
		Release|Any CPU = Release|Any CPU
	EndGlobalSection
	GlobalSection(ProjectConfigurationPlatforms) = postSolution
		{BFAE4110-A93C-45D2-8E60-0082E60A7FDA}.Debug|Any CPU.ActiveCfg = Debug|Any CPU
		{BFAE4110-A93C-45D2-8E60-0082E60A7FDA}.Debug|Any CPU.Build.0 = Debug|Any CPU
		{BFAE4110-A93C-45D2-8E60-0082E60A7FDA}.Release|Any CPU.ActiveCfg = Release|Any CPU
		{BFAE4110-A93C-45D2-8E60-0082E60A7FDA}.Release|Any CPU.Build.0 = Release|Any CPU
	EndGlobalSection
	GlobalSection(SolutionProperties) = preSolution
		HideSolutionNode = FALSE
	EndGlobalSection
	GlobalSection(ExtensibilityGlobals) = postSolution
		SolutionGuid = {1BCC935D-555C-4393-BCB8-A08419CA860A}
	EndGlobalSection
EndGlobal
